
Microsoft Visual Studio Solution File, Format Version 12.00
# Visual Studio Version 16
VisualStudioVersion = 16.0.31911.196
MinimumVisualStudioVersion = 10.0.40219.1
Project("{FAE04EC0-301F-11D3-BF4B-00C04F79EFBC}") = "BMIS", "BMIS\BMIS.csproj", "{D86D6BBD-53B8-4259-80D2-9D6B270F6AC4}"
EndProject
Project("{54435603-DBB4-11D2-8724-00A0C9A8B90C}") = "Setup", "Setup\Setup.vdproj", "{7ECD0056-C11D-408D-9055-C1B9AFC61004}"
EndProject
Global
	GlobalSection(SolutionConfigurationPlatforms) = preSolution
		Debug|Any CPU = Debug|Any CPU
		Debug|x64 = Debug|x64
		Release|Any CPU = Release|Any CPU
		Release|x64 = Release|x64
	EndGlobalSection
	GlobalSection(ProjectConfigurationPlatforms) = postSolution
		{D86D6BBD-53B8-4259-80D2-9D6B270F6AC4}.Debug|Any CPU.ActiveCfg = Debug|Any CPU
		{D86D6BBD-53B8-4259-80D2-9D6B270F6AC4}.Debug|Any CPU.Build.0 = Debug|Any CPU
		{D86D6BBD-53B8-4259-80D2-9D6B270F6AC4}.Debug|x64.ActiveCfg = Release|x64
		{D86D6BBD-53B8-4259-80D2-9D6B270F6AC4}.Debug|x64.Build.0 = Release|x64
		{D86D6BBD-53B8-4259-80D2-9D6B270F6AC4}.Release|Any CPU.ActiveCfg = Release|Any CPU
		{D86D6BBD-53B8-4259-80D2-9D6B270F6AC4}.Release|Any CPU.Build.0 = Release|Any CPU
		{D86D6BBD-53B8-4259-80D2-9D6B270F6AC4}.Release|x64.ActiveCfg = Release|x64
		{D86D6BBD-53B8-4259-80D2-9D6B270F6AC4}.Release|x64.Build.0 = Release|x64
		{7ECD0056-C11D-408D-9055-C1B9AFC61004}.Debug|Any CPU.ActiveCfg = Debug
		{7ECD0056-C11D-408D-9055-C1B9AFC61004}.Debug|x64.ActiveCfg = Debug
		{7ECD0056-C11D-408D-9055-C1B9AFC61004}.Release|Any CPU.ActiveCfg = Release
		{7ECD0056-C11D-408D-9055-C1B9AFC61004}.Release|x64.ActiveCfg = Release
	EndGlobalSection
	GlobalSection(SolutionProperties) = preSolution
		HideSolutionNode = FALSE
	EndGlobalSection
	GlobalSection(ExtensibilityGlobals) = postSolution
		SolutionGuid = {989B513E-74A1-4DCF-8B83-3423D472E22C}
	EndGlobalSection
EndGlobal
